<?xml version="1.0" encoding="utf-8"?>
<Project ToolsVersion="4.0" xmlns="http://schemas.microsoft.com/developer/msbuild/2003">
  <ItemGroup>
    <ClCompile Include="Core.cpp" />
    <ClCompile Include="template.cpp" />
  </ItemGroup>
  <ItemGroup>
    <ClInclude Include="template.h" />
  </ItemGroup>
  <ItemGroup>
    <Filter Include="data">
      <UniqueIdentifier>{c3a7535f-d3e3-445d-a12c-bd8e4cab56b1}</UniqueIdentifier>
    </Filter>
    <Filter Include="data\3d">
      <UniqueIdentifier>{086dca5d-2951-4e14-a695-96b901fc3802}</UniqueIdentifier>
    </Filter>
    <Filter Include="data\3d\sprites">
      <UniqueIdentifier>{cf8c2faa-b4f2-476f-9200-0ee0136ee364}</UniqueIdentifier>
    </Filter>
    <Filter Include="data\2d">
      <UniqueIdentifier>{251feab0-91ac-410e-b14b-3d3eea0767f2}</UniqueIdentifier>
    </Filter>
    <Filter Include="data\2d\sprites">
      <UniqueIdentifier>{bbeee20f-932a-4890-a5d4-4ab69a2630c9}</UniqueIdentifier>
    </Filter>
    <Filter Include="data\2d\text">
      <UniqueIdentifier>{d0b5ae50-3e63-4646-a189-8194626c887f}</UniqueIdentifier>
    </Filter>
    <Filter Include="data\collections">
      <UniqueIdentifier>{1f3f5a5a-f466-461e-b765-ece18341c560}</UniqueIdentifier>
    </Filter>
    <Filter Include="data\scripts">
      <UniqueIdentifier>{2505e47f-efcd-4c96-b604-1347888692a3}</UniqueIdentifier>
    </Filter>
    <Filter Include="data\animations">
      <UniqueIdentifier>{0c3728d7-05d4-4aab-9aeb-eaba43910fac}</UniqueIdentifier>
    </Filter>
  </ItemGroup>
  <ItemGroup>
    <None Include="x64\Debug\data\3d\sprites\ball.json">
      <Filter>data\3d\sprites</Filter>
    </None>
    <None Include="x64\Debug\data\settings.json">
      <Filter>data</Filter>
    </None>
    <None Include="x64\Debug\data\3d\sprites\floor.json">
      <Filter>data\3d\sprites</Filter>
    </None>
    <None Include="x64\Debug\data\inputs.json">
      <Filter>data</Filter>
    </None>
    <None Include="x64\Debug\data\2d\sprites\test.json">
      <Filter>data\2d\sprites</Filter>
    </None>
    <None Include="x64\Debug\data\2d\text\titan.json">
      <Filter>data\2d\text</Filter>
    </None>
    <None Include="x64\Debug\data\collections\stage0.json">
      <Filter>data\collections</Filter>
    </None>
    <None Include="x64\Debug\data\scripts\general.ang">
      <Filter>data\scripts</Filter>
    </None>
    <None Include="x64\Debug\data\scripts\controls.ang">
      <Filter>data\scripts</Filter>
    </None>
    <None Include="x64\Debug\data\animations\colorTest.json">
      <Filter>data\animations</Filter>
    </None>
    <None Include="x64\Debug\data\scripts\defs.ang">
      <Filter>data\scripts</Filter>
    </None>
  </ItemGroup>
</Project>